
Microsoft Visual Studio Solution File, Format Version 12.00
# Visual Studio Version 17
VisualStudioVersion = 17.10.35027.167
MinimumVisualStudioVersion = 10.0.40219.1
Project("{8BC9CEB8-8B4A-11D0-8D11-00A0C91BC942}") = "Homework", "Homework\Homework.vcxproj", "{3ED21E69-67E8-4314-B48E-41AF56711CF1}"
EndProject
Project("{8BC9CEB8-8B4A-11D0-8D11-00A0C91BC942}") = "0808hw2", "0808hw2\0808hw2.vcxproj", "{1165E653-F1B3-499A-9152-4930960C8D61}"
EndProject
Project("{8BC9CEB8-8B4A-11D0-8D11-00A0C91BC942}") = "0828hw", "0828hw\0828hw.vcxproj", "{84790B21-6183-41C1-8015-4B4A486FF7E9}"
EndProject
Project("{8BC9CEB8-8B4A-11D0-8D11-00A0C91BC942}") = "0829hw", "0829hw\0829hw.vcxproj", "{5560892B-7EEC-4497-81C8-03A2D973AD7F}"
EndProject
Project("{8BC9CEB8-8B4A-11D0-8D11-00A0C91BC942}") = "0830hw", "0830hw\0830hw.vcxproj", "{EF56AB9D-BD11-42EA-A3D6-AFC9BF50E950}"
EndProject
Global
	GlobalSection(SolutionConfigurationPlatforms) = preSolution
		Debug|x64 = Debug|x64
		Debug|x86 = Debug|x86
		Release|x64 = Release|x64
		Release|x86 = Release|x86
	EndGlobalSection
	GlobalSection(ProjectConfigurationPlatforms) = postSolution
		{3ED21E69-67E8-4314-B48E-41AF56711CF1}.Debug|x64.ActiveCfg = Debug|x64
		{3ED21E69-67E8-4314-B48E-41AF56711CF1}.Debug|x64.Build.0 = Debug|x64
		{3ED21E69-67E8-4314-B48E-41AF56711CF1}.Debug|x86.ActiveCfg = Debug|Win32
		{3ED21E69-67E8-4314-B48E-41AF56711CF1}.Debug|x86.Build.0 = Debug|Win32
		{3ED21E69-67E8-4314-B48E-41AF56711CF1}.Release|x64.ActiveCfg = Release|x64
		{3ED21E69-67E8-4314-B48E-41AF56711CF1}.Release|x64.Build.0 = Release|x64
		{3ED21E69-67E8-4314-B48E-41AF56711CF1}.Release|x86.ActiveCfg = Release|Win32
		{3ED21E69-67E8-4314-B48E-41AF56711CF1}.Release|x86.Build.0 = Release|Win32
		{1165E653-F1B3-499A-9152-4930960C8D61}.Debug|x64.ActiveCfg = Debug|x64
		{1165E653-F1B3-499A-9152-4930960C8D61}.Debug|x64.Build.0 = Debug|x64
		{1165E653-F1B3-499A-9152-4930960C8D61}.Debug|x86.ActiveCfg = Debug|Win32
		{1165E653-F1B3-499A-9152-4930960C8D61}.Debug|x86.Build.0 = Debug|Win32
		{1165E653-F1B3-499A-9152-4930960C8D61}.Release|x64.ActiveCfg = Release|x64
		{1165E653-F1B3-499A-9152-4930960C8D61}.Release|x64.Build.0 = Release|x64
		{1165E653-F1B3-499A-9152-4930960C8D61}.Release|x86.ActiveCfg = Release|Win32
		{1165E653-F1B3-499A-9152-4930960C8D61}.Release|x86.Build.0 = Release|Win32
		{84790B21-6183-41C1-8015-4B4A486FF7E9}.Debug|x64.ActiveCfg = Debug|x64
		{84790B21-6183-41C1-8015-4B4A486FF7E9}.Debug|x64.Build.0 = Debug|x64
		{84790B21-6183-41C1-8015-4B4A486FF7E9}.Debug|x86.ActiveCfg = Debug|Win32
		{84790B21-6183-41C1-8015-4B4A486FF7E9}.Debug|x86.Build.0 = Debug|Win32
		{84790B21-6183-41C1-8015-4B4A486FF7E9}.Release|x64.ActiveCfg = Release|x64
		{84790B21-6183-41C1-8015-4B4A486FF7E9}.Release|x64.Build.0 = Release|x64
		{84790B21-6183-41C1-8015-4B4A486FF7E9}.Release|x86.ActiveCfg = Release|Win32
		{84790B21-6183-41C1-8015-4B4A486FF7E9}.Release|x86.Build.0 = Release|Win32
		{5560892B-7EEC-4497-81C8-03A2D973AD7F}.Debug|x64.ActiveCfg = Debug|x64
		{5560892B-7EEC-4497-81C8-03A2D973AD7F}.Debug|x64.Build.0 = Debug|x64
		{5560892B-7EEC-4497-81C8-03A2D973AD7F}.Debug|x86.ActiveCfg = Debug|Win32
		{5560892B-7EEC-4497-81C8-03A2D973AD7F}.Debug|x86.Build.0 = Debug|Win32
		{5560892B-7EEC-4497-81C8-03A2D973AD7F}.Release|x64.ActiveCfg = Release|x64
		{5560892B-7EEC-4497-81C8-03A2D973AD7F}.Release|x64.Build.0 = Release|x64
		{5560892B-7EEC-4497-81C8-03A2D973AD7F}.Release|x86.ActiveCfg = Release|Win32
		{5560892B-7EEC-4497-81C8-03A2D973AD7F}.Release|x86.Build.0 = Release|Win32
		{EF56AB9D-BD11-42EA-A3D6-AFC9BF50E950}.Debug|x64.ActiveCfg = Debug|x64
		{EF56AB9D-BD11-42EA-A3D6-AFC9BF50E950}.Debug|x64.Build.0 = Debug|x64
		{EF56AB9D-BD11-42EA-A3D6-AFC9BF50E950}.Debug|x86.ActiveCfg = Debug|Win32
		{EF56AB9D-BD11-42EA-A3D6-AFC9BF50E950}.Debug|x86.Build.0 = Debug|Win32
		{EF56AB9D-BD11-42EA-A3D6-AFC9BF50E950}.Release|x64.ActiveCfg = Release|x64
		{EF56AB9D-BD11-42EA-A3D6-AFC9BF50E950}.Release|x64.Build.0 = Release|x64
		{EF56AB9D-BD11-42EA-A3D6-AFC9BF50E950}.Release|x86.ActiveCfg = Release|Win32
		{EF56AB9D-BD11-42EA-A3D6-AFC9BF50E950}.Release|x86.Build.0 = Release|Win32
	EndGlobalSection
	GlobalSection(SolutionProperties) = preSolution
		HideSolutionNode = FALSE
	EndGlobalSection
	GlobalSection(ExtensibilityGlobals) = postSolution
		SolutionGuid = {F906FAE8-7236-4030-87EE-7075377B3D80}
	EndGlobalSection
EndGlobal
