<?xml version="1.0" encoding="utf-8"?>
<Project ToolsVersion="4.0" xmlns="http://schemas.microsoft.com/developer/msbuild/2003">
  <ItemGroup>
    <Filter Include="07/16">
      <UniqueIdentifier>{73d81730-b106-4fbc-8f1d-fe656247c576}</UniqueIdentifier>
    </Filter>
    <Filter Include="07/17">
      <UniqueIdentifier>{2f638c29-4896-44be-86fa-fa35f7a4f635}</UniqueIdentifier>
    </Filter>
    <Filter Include="07/18">
      <UniqueIdentifier>{fbfee9c0-9613-40e9-af06-001a5f47a492}</UniqueIdentifier>
    </Filter>
    <Filter Include="07/19">
      <UniqueIdentifier>{76910938-8a22-4f97-b3f2-2da4037111b1}</UniqueIdentifier>
    </Filter>
    <Filter Include="07/22">
      <UniqueIdentifier>{571e038e-bcc1-4014-ab89-a3c0d7cfbb5e}</UniqueIdentifier>
    </Filter>
    <Filter Include="07/23">
      <UniqueIdentifier>{c97a42f1-e0df-438f-acdc-0fae4ef9c815}</UniqueIdentifier>
    </Filter>
    <Filter Include="07/24">
      <UniqueIdentifier>{5ad3188f-f017-4dab-8533-c99305eb3ca8}</UniqueIdentifier>
    </Filter>
    <Filter Include="07/25">
      <UniqueIdentifier>{d7134431-cf9a-490c-a8dd-57cd1f425ce5}</UniqueIdentifier>
    </Filter>
    <Filter Include="07/26~07/31">
      <UniqueIdentifier>{109765d2-d020-40c1-ad83-4789f36cf65e}</UniqueIdentifier>
    </Filter>
    <Filter Include="07/26Test">
      <UniqueIdentifier>{f639bbde-5a25-4bb9-b82f-4208fbb7ce94}</UniqueIdentifier>
    </Filter>
    <Filter Include="08/01">
      <UniqueIdentifier>{c9e300a9-5c2f-4301-8e09-1c14e55c6e47}</UniqueIdentifier>
    </Filter>
    <Filter Include="08/02">
      <UniqueIdentifier>{946d320f-3948-4644-91bc-fdba4ff1fa7c}</UniqueIdentifier>
    </Filter>
    <Filter Include="08/08">
      <UniqueIdentifier>{e032f359-966a-4fc7-8e73-499fcaf3af6a}</UniqueIdentifier>
    </Filter>
  </ItemGroup>
  <ItemGroup>
    <ClCompile Include="0716chw1.cpp">
      <Filter>07/16</Filter>
    </ClCompile>
    <ClCompile Include="0716hw1.cpp">
      <Filter>07/16</Filter>
    </ClCompile>
    <ClCompile Include="0716hw2.cpp">
      <Filter>07/16</Filter>
    </ClCompile>
    <ClCompile Include="0717hw1.cpp">
      <Filter>07/17</Filter>
    </ClCompile>
    <ClCompile Include="0717hw2.cpp">
      <Filter>07/17</Filter>
    </ClCompile>
    <ClCompile Include="0717hw3.cpp">
      <Filter>07/17</Filter>
    </ClCompile>
    <ClCompile Include="0718hw1.cpp">
      <Filter>07/18</Filter>
    </ClCompile>
    <ClCompile Include="0718hw2.cpp">
      <Filter>07/18</Filter>
    </ClCompile>
    <ClCompile Include="0718hw3.cpp">
      <Filter>07/18</Filter>
    </ClCompile>
    <ClCompile Include="0718hw4.cpp">
      <Filter>07/18</Filter>
    </ClCompile>
    <ClCompile Include="0718hw5.cpp">
      <Filter>07/18</Filter>
    </ClCompile>
    <ClCompile Include="0718chw1.cpp">
      <Filter>07/18</Filter>
    </ClCompile>
    <ClCompile Include="0719hw1.cpp">
      <Filter>07/19</Filter>
    </ClCompile>
    <ClCompile Include="0719hw2.cpp">
      <Filter>07/19</Filter>
    </ClCompile>
    <ClCompile Include="0719chw1.cpp">
      <Filter>07/19</Filter>
    </ClCompile>
    <ClCompile Include="0722hw1.cpp">
      <Filter>07/22</Filter>
    </ClCompile>
    <ClCompile Include="0722hw2.cpp">
      <Filter>07/22</Filter>
    </ClCompile>
    <ClCompile Include="0722chw1.cpp">
      <Filter>07/22</Filter>
    </ClCompile>
    <ClCompile Include="0723hw1.cpp">
      <Filter>07/23</Filter>
    </ClCompile>
    <ClCompile Include="0723hw2.cpp">
      <Filter>07/23</Filter>
    </ClCompile>
    <ClCompile Include="0723hw3.cpp">
      <Filter>07/23</Filter>
    </ClCompile>
    <ClCompile Include="0724hw1.cpp">
      <Filter>07/24</Filter>
    </ClCompile>
    <ClCompile Include="0724hw2.cpp">
      <Filter>07/24</Filter>
    </ClCompile>
    <ClCompile Include="0725hw1.cpp">
      <Filter>07/25</Filter>
    </ClCompile>
    <ClCompile Include="0725hw2.cpp">
      <Filter>07/25</Filter>
    </ClCompile>
    <ClCompile Include="0726hw1.cpp">
      <Filter>07/26~07/31</Filter>
    </ClCompile>
    <ClCompile Include="0726hw2.cpp">
      <Filter>07/26~07/31</Filter>
    </ClCompile>
    <ClCompile Include="0726test1.cpp">
      <Filter>07/26Test</Filter>
    </ClCompile>
    <ClCompile Include="0726test2.cpp">
      <Filter>07/26Test</Filter>
    </ClCompile>
    <ClCompile Include="0726test3.cpp">
      <Filter>07/26Test</Filter>
    </ClCompile>
    <ClCompile Include="0726test4.cpp">
      <Filter>07/26Test</Filter>
    </ClCompile>
    <ClCompile Include="0726test6.cpp">
      <Filter>07/26Test</Filter>
    </ClCompile>
    <ClCompile Include="0726test5.cpp">
      <Filter>07/26Test</Filter>
    </ClCompile>
    <ClCompile Include="0726test7.cpp">
      <Filter>07/26Test</Filter>
    </ClCompile>
    <ClCompile Include="0801hw1.cpp">
      <Filter>08/01</Filter>
    </ClCompile>
    <ClCompile Include="0802hw1.cpp">
      <Filter>08/02</Filter>
    </ClCompile>
    <ClCompile Include="0802hw2.cpp">
      <Filter>08/02</Filter>
    </ClCompile>
    <ClCompile Include="0802hw1_2.cpp">
      <Filter>08/02</Filter>
    </ClCompile>
    <ClCompile Include="0802hw2_2.cpp">
      <Filter>08/02</Filter>
    </ClCompile>
    <ClCompile Include="0808hw1.cpp">
      <Filter>08/08</Filter>
    </ClCompile>
  </ItemGroup>
</Project>